Microsoft Visual Studio Solution File, Format Version 12.00
# Visual Studio Version 17
VisualStudioVersion = 17.13.35931.197
MinimumVisualStudioVersion = 10.0.40219.1
Project("{FAE04EC0-301F-11D3-BF4B-00C04F79EFBC}") = "SPC", "SPC\SPC.csproj", "{6CC37A04-E860-416A-A380-CC2055946165}"
EndProject
Project("{FAE04EC0-301F-11D3-BF4B-00C04F79EFBC}") = "SPC.API", "SPC.API\SPC.API.csproj", "{7F732861-E8DA-4635-A224-F89BB48EBBC3}"
EndProject
Global
	GlobalSection(SolutionConfigurationPlatforms) = preSolution
		Debug|Any CPU = Debug|Any CPU
		Release|Any CPU = Release|Any CPU
	EndGlobalSection
	GlobalSection(ProjectConfigurationPlatforms) = postSolution
		{6CC37A04-E860-416A-A380-CC2055946165}.Debug|Any CPU.ActiveCfg = Debug|Any CPU
		{6CC37A04-E860-416A-A380-CC2055946165}.Debug|Any CPU.Build.0 = Debug|Any CPU
		{6CC37A04-E860-416A-A380-CC2055946165}.Release|Any CPU.ActiveCfg = Release|Any CPU
		{6CC37A04-E860-416A-A380-CC2055946165}.Release|Any CPU.Build.0 = Release|Any CPU
		{7F732861-E8DA-4635-A224-F89BB48EBBC3}.Debug|Any CPU.ActiveCfg = Debug|Any CPU
		{7F732861-E8DA-4635-A224-F89BB48EBBC3}.Debug|Any CPU.Build.0 = Debug|Any CPU
		{7F732861-E8DA-4635-A224-F89BB48EBBC3}.Release|Any CPU.ActiveCfg = Release|Any CPU
		{7F732861-E8DA-4635-A224-F89BB48EBBC3}.Release|Any CPU.Build.0 = Release|Any CPU
	EndGlobalSection
	GlobalSection(SolutionProperties) = preSolution
		HideSolutionNode = FALSE
	EndGlobalSection
	GlobalSection(ExtensibilityGlobals) = postSolution
		SolutionGuid = {B4680B31-9CC5-4213-9A98-2451CD7B6E65}
	EndGlobalSection
EndGlobal
